hash: 7ec3dba505b1a0e4155309a8b83384c5bec05ad82a00a4d88e3b3951ea3da48d
updated: 2017-07-24T12:40:06.824065233-05:00
imports:
- name: cloud.google.com/go
  version: 76d607c4e7a2b9df49f1d1a58a3f3d2dd2614704
  subpackages:
  - compute/metadata
- name: github.com/akutz/gofig
  version: 65fa82bc59644020b3ad6be479c0954fc82bd0fc
  subpackages:
  - types
- name: github.com/akutz/golf
  version: 296de562c59e98534dc2d7b49f6ba310e3edb69d
  subpackages:
  - logrus
- name: github.com/akutz/goof
  version: 72efb1916248a881f8d39e20b9709696c5eda708
- name: github.com/akutz/gotil
  version: 6fa2e80bd3ac40f15788cfc3d12ebba49a0add92
- name: github.com/appropriate/go-virtualboxclient
  version: e0978ab2ed407095400a69d5933958dd260058cd
  repo: https://github.com/clintonskitson/go-virtualboxclient
  subpackages:
  - vboxwebsrv
  - virtualboxclient
- name: github.com/asaskevich/govalidator
  version: aa5cce4a76edb1a5acecab1870c17abbffb5419e
- name: github.com/aws/aws-sdk-go
  version: 3f8f870ec9939e32b3372abf74d24e468bcd285d
  repo: https://github.com/aws/aws-sdk-go
  subpackages:
  - aws
  - aws/credentials
  - aws/credentials/ec2rolecreds
  - aws/ec2metadata
  - aws/session
  - service/ec2
  - aws/awserr
  - service/efs
  - service/s3
  - aws/endpoints
  - aws/client
  - aws/client/metadata
  - aws/request
  - aws/corehandlers
  - aws/credentials/stscreds
  - aws/defaults
  - aws/awsutil
  - aws/signer/v4
  - private/protocol
  - private/protocol/ec2query
  - private/waiter
  - private/protocol/restjson
  - private/protocol/restxml
  - service/sts
  - aws/credentials/endpointcreds
  - private/protocol/rest
  - private/protocol/query/queryutil
  - private/protocol/xml/xmlutil
  - private/protocol/jsonrpc
  - private/protocol/query
  - private/protocol/json/jsonutil
- name: github.com/Azure/azure-sdk-for-go
  version: 0984e0641ae43b89283223034574d6465be93bf4
  subpackages:
  - arm/compute
  - storage
- name: github.com/Azure/go-autorest
  version: 8a25372bbfec739b8719a9e3987400d15ef9e179
  subpackages:
  - autorest/azure
  - autorest
  - autorest/date
  - autorest/to
  - autorest/validation
- name: github.com/cesanta/ucl
  version: 97c016fce90e6af1b14558563ac46852167e6a76
- name: github.com/cesanta/validate-json
  version: 2f16017c76fc2403d143e93cea1e1b9526a01148
  subpackages:
  - schema
- name: github.com/codedellemc/goisilon
  version: 2ea94fb4dd4f34507c9d67d8d2e35dcc0edb5f89
  subpackages:
  - api
  - api/v1
  - api/v2
  - api/json
- name: github.com/codedellemc/goscaleio
  version: 485da3636bfcc8e70f74fe7bdc7cb25e5a6e4c4a
  repo: https://github.com/codedellemc/goscaleio
  subpackages:
  - types/v1
  - tls
- name: github.com/codedellemc/gournal
  version: 4293aaf7e91602963a5777caef4b346e1cf21936
  subpackages:
  - logrus
- name: github.com/dgrijalva/jwt-go
  version: a539ee1a749a2b895533f979515ac7e6e0f5b650
- name: github.com/digitalocean/godo
  version: 83908b1ddd666d08a9b020c697b55ae3895be2fd
  subpackages:
  - context
- name: github.com/fsnotify/fsnotify
  version: 4da3e2cfbabc9f751898f250b49f2439785783a1
- name: github.com/go-ini/ini
  version: 3d73f4b845efdf9989fffd4b4e562727744a34ba
- name: github.com/go-yaml/yaml
  version: bc35f417f8a7664a73d46c9def2933417c03019f
  repo: https://github.com/akutz/yaml.git
- name: github.com/golang/protobuf
  version: 0a4f71a498b7c4812f64969510bcb4eca251e33a
  subpackages:
  - proto
- name: github.com/google/go-querystring
  version: 53e6ce116135b80d037921a7fdd5138cf32d7a8a
  subpackages:
  - query
- name: github.com/gophercloud/gophercloud
  version: 9a5595b8ffe429439c63781cdc312c254e4ad990
  subpackages:
  - openstack
  - openstack/blockstorage/extensions/volumeactions
  - openstack/blockstorage/v1/snapshots
  - openstack/blockstorage/v1/volumes
  - openstack/blockstorage/v2/volumes
  - openstack/compute/v2/extensions/volumeattach
  - openstack/identity/v3/extensions/trusts
  - openstack/identity/v2/tokens
  - openstack/identity/v3/tokens
  - openstack/utils
  - pagination
  - openstack/identity/v2/tenants
- name: github.com/gorilla/context
  version: 08b5f424b9271eedf6f9f0ce86cb9396ed337a42
- name: github.com/gorilla/mux
  version: ac112f7d75a0714af1bd86ab17749b31f7809640
- name: github.com/hashicorp/hcl
  version: 392dba7d905ed5d04a5794ba89f558b27e2ba1ca
  subpackages:
  - hcl/ast
  - hcl/parser
  - hcl/token
  - json/parser
  - hcl/scanner
  - hcl/strconv
  - json/scanner
  - json/token
- name: github.com/inconshreveable/mousetrap
  version: 76626ae9c91c4f2a10f34cad8ce83ea42c93bb75
- name: github.com/jmespath/go-jmespath
  version: bd40a432e4c76585ef6b72d3fd96fb9b6dc7b68d
- name: github.com/jteeuwen/go-bindata
  version: 1dd44b25b79c4d9060e582e90798e4d72537818c
  repo: https://github.com/akutz/go-bindata
- name: github.com/kardianos/osext
  version: ae77be60afb1dcacde03767a8c37337fad28ac14
  repo: https://github.com/kardianos/osext.git
  vcs: git
- name: github.com/magiconair/properties
  version: be5ece7dd465ab0765a9682137865547526d1dfb
- name: github.com/mitchellh/mapstructure
  version: d0303fe809921458f417bcf828397a65db30a7e4
- name: github.com/onsi/ginkgo
  version: 77a8c1e5c40d6bb6c5eb4dd4bdce9763564f6298
  subpackages:
  - config
  - internal/codelocation
  - internal/failer
  - internal/remote
  - internal/suite
  - internal/testingtproxy
  - internal/writer
  - reporters
  - reporters/stenographer
  - types
  - internal/spec_iterator
  - internal/containernode
  - internal/leafnodes
  - internal/spec
  - internal/specrunner
  - reporters/stenographer/support/go-colorable
  - reporters/stenographer/support/go-isatty
- name: github.com/onsi/gomega
  version: 334b8f472b3af5d541c5642701c1e29e2126f486
  subpackages:
  - types
  - internal/assertion
  - internal/asyncassertion
  - internal/testingtsupport
  - matchers
  - internal/oraclematcher
  - format
  - matchers/support/goraph/bipartitegraph
  - matchers/support/goraph/edge
  - matchers/support/goraph/node
  - matchers/support/goraph/util
- name: github.com/pelletier/go-toml
  version: 69d355db5304c0f7f809a2edc054553e7142f016
- name: github.com/rubiojr/go-vhd
  version: 96a0db67ea8209453cfa694bdf03de202d6dd8f8
  repo: https://github.com/codenrhoden/go-vhd
  subpackages:
  - vhd
- name: github.com/SermoDigital/jose
  version: f6df55f235c24f236d11dbcf665249a59ac2021f
  subpackages:
  - crypto
  - jws
  - jwt
- name: github.com/Sirupsen/logrus
  version: 5f376aa629ac60c3215cc368e674bd996093a01a
  repo: https://github.com/akutz/logrus
- name: github.com/spf13/afero
  version: 9be650865eab0c12963d8753212f4f9c66cdcf12
  subpackages:
  - mem
- name: github.com/spf13/cast
  version: acbeb36b902d72a7a4c18e8f3241075e7ab763e4
- name: github.com/spf13/cobra
  version: 7be4beda01ec05d0b93d80b3facd2b6f44080d94
- name: github.com/spf13/jwalterweatherman
  version: 0efa5202c04663c757d84f90f5219c1250baf94f
- name: github.com/spf13/pflag
  version: d16db1e50e33dff1b6cdf37596cef36742128670
- name: github.com/spf13/viper
  version: 25b30aa063fc18e48662b86996252eabdcf2f0c7
- name: github.com/stretchr/testify
  version: 4d4bfba8f1d1027c4fdbe371823030df51419987
  subpackages:
  - assert
- name: github.com/tent/http-link-go
  version: ac974c61c2f990f4115b119354b5e0b47550e888
- name: golang.org/x/crypto
  version: 6914964337150723782436d56b3f21610a74ce7b
  repo: https://github.com/golang/crypto.git
  vcs: git
  subpackages:
  - pkcs12
  - pkcs12/internal/rc2
- name: golang.org/x/net
  version: b336a971b799939dd16ae9b1df8334cb8b977c4d
  subpackages:
  - context
  - context/ctxhttp
- name: golang.org/x/oauth2
  version: 314dd2c0bf3ebd592ec0d20847d27e79d0dbe8dd
  subpackages:
  - google
  - internal
  - jws
  - jwt
- name: golang.org/x/sys
  version: 002cbb5f952456d0c50e0d2aff17ea5eca716979
  subpackages:
  - unix
- name: golang.org/x/text
  version: 836efe42bb4aa16aaa17b9c155d8813d336ed720
  repo: https://github.com/golang/text.git
  vcs: git
  subpackages:
  - .
  - transform
  - unicode/norm
- name: google.golang.org/api
  version: d61af0b67e5c8213e8c260ac29a762487bad020d
  repo: https://github.com/google/google-api-go-client
  subpackages:
  - compute/v0.beta
  - googleapi
  - gensupport
  - googleapi/internal/uritemplates
- name: google.golang.org/appengine
  version: ad2570cd3913654e00c5f0183b39d2f998e54046
  subpackages:
  - urlfetch
  - internal
  - internal/urlfetch
  - internal/app_identity
  - internal/modules
  - internal/base
  - internal/datastore
  - internal/log
  - internal/remote_api
- name: gopkg.in/yaml.v1
  version: bc35f417f8a7664a73d46c9def2933417c03019f
  repo: https://github.com/akutz/yaml.git
- name: gopkg.in/yaml.v2
  version: bc35f417f8a7664a73d46c9def2933417c03019f
  repo: https://github.com/akutz/yaml.git
testImports:
- name: github.com/davecgh/go-spew
  version: 04cdfd42973bb9c8589fd6a731800cf222fde1a9
  subpackages:
  - spew
- name: github.com/pmezard/go-difflib
  version: d8ed2627bdf02c080bf22230dbb337003b7aba2d
  subpackages:
  - difflib
