hash: 0db888931b861820351b5b3ec5b8032d46c82cda970e0b17d5bc57707f521a41
updated: 2017-02-16T09:04:50.463836449-07:00
imports:
- name: cloud.google.com/go
  version: b4ca3d4ba32e251f6fee7bda65c5727ccbf3faa9
  subpackages:
  - compute/metadata
  - internal
- name: github.com/akutz/gofig
  version: 862741cad5edced279c57d1981e8e3e9fa54e8d5
  subpackages:
  - types
- name: github.com/akutz/golf
  version: e26bdd995cb746e431d42ea303ebe7622389d29f
- name: github.com/akutz/goof
  version: ea06624ca980bae80c1b615b8417723436d235ab
- name: github.com/akutz/gotil
  version: 6fa2e80bd3ac40f15788cfc3d12ebba49a0add92
- name: github.com/appropriate/go-virtualboxclient
  version: e0978ab2ed407095400a69d5933958dd260058cd
  repo: https://github.com/clintonskitson/go-virtualboxclient
  subpackages:
  - vboxwebsrv
  - virtualboxclient
- name: github.com/asaskevich/govalidator
  version: 7b3beb6df3c42abd3509abfc3bcacc0fbfb7c877
- name: github.com/aws/aws-sdk-go
  version: 3f8f870ec9939e32b3372abf74d24e468bcd285d
  repo: https://github.com/aws/aws-sdk-go
  subpackages:
  - aws
  - aws/awserr
  - aws/awsutil
  - aws/client
  - aws/client/metadata
  - aws/corehandlers
  - aws/credentials
  - aws/credentials/ec2rolecreds
  - aws/credentials/endpointcreds
  - aws/credentials/stscreds
  - aws/defaults
  - aws/ec2metadata
  - aws/endpoints
  - aws/request
  - aws/session
  - aws/signer/v4
  - private/protocol
  - private/protocol/ec2query
  - private/protocol/json/jsonutil
  - private/protocol/jsonrpc
  - private/protocol/query
  - private/protocol/query/queryutil
  - private/protocol/rest
  - private/protocol/restjson
  - private/protocol/restxml
  - private/protocol/xml/xmlutil
  - private/waiter
  - service/ec2
  - service/efs
  - service/s3
  - service/sts
- name: github.com/Azure/azure-sdk-for-go
  version: 0984e0641ae43b89283223034574d6465be93bf4
  subpackages:
  - arm/compute
  - storage
- name: github.com/Azure/go-autorest
  version: 8a25372bbfec739b8719a9e3987400d15ef9e179
  subpackages:
  - autorest
  - autorest/azure
  - autorest/date
  - autorest/to
  - autorest/validation
- name: github.com/cesanta/ucl
  version: 97c016fce90e6af1b14558563ac46852167e6a76
- name: github.com/cesanta/validate-json
  version: 2f16017c76fc2403d143e93cea1e1b9526a01148
  subpackages:
  - schema
- name: github.com/codedellemc/goisilon
  version: 2ea94fb4dd4f34507c9d67d8d2e35dcc0edb5f89
  subpackages:
  - api
  - api/json
  - api/v1
  - api/v2
- name: github.com/codedellemc/goscaleio
  version: 485da3636bfcc8e70f74fe7bdc7cb25e5a6e4c4a
  repo: https://github.com/codedellemc/goscaleio
  subpackages:
  - tls
  - types/v1
- name: github.com/codedellemc/gournal
  version: 4293aaf7e91602963a5777caef4b346e1cf21936
  subpackages:
  - logrus
- name: github.com/davecgh/go-spew
  version: 6d212800a42e8ab5c146b8ace3490ee17e5225f9
  subpackages:
  - spew
- name: github.com/dgrijalva/jwt-go
  version: 9ed569b5d1ac936e6494082958d63a6aa4fff99a
- name: github.com/digitalocean/godo
  version: 2ff8a02a86cd6918b384a5000ceebe886844fbce
- name: github.com/fsnotify/fsnotify
  version: fd9ec7deca8bf46ecd2a795baaacf2b3a9be1197
- name: github.com/go-ini/ini
  version: 6e4869b434bd001f6983749881c7ead3545887d8
- name: github.com/golang/protobuf
  version: 8ee79997227bf9b34611aee7946ae64735e6fd93
  subpackages:
  - proto
- name: github.com/google/go-querystring
  version: 53e6ce116135b80d037921a7fdd5138cf32d7a8a
  subpackages:
  - query
- name: github.com/googleapis/gax-go
  version: da06d194a00e19ce00d9011a13931c3f6f6887c7
- name: github.com/gorilla/context
  version: 08b5f424b9271eedf6f9f0ce86cb9396ed337a42
- name: github.com/gorilla/mux
  version: 757bef944d0f21880861c2dd9c871ca543023cba
- name: github.com/hashicorp/hcl
  version: f74cf8281543a0797d7b4ab7d88e76e7ba125308
  subpackages:
  - hcl/ast
  - hcl/parser
  - hcl/scanner
  - hcl/strconv
  - hcl/token
  - json/parser
  - json/scanner
  - json/token
- name: github.com/jmespath/go-jmespath
  version: bd40a432e4c76585ef6b72d3fd96fb9b6dc7b68d
- name: github.com/jteeuwen/go-bindata
  version: 1dd44b25b79c4d9060e582e90798e4d72537818c
  repo: https://github.com/akutz/go-bindata
- name: github.com/kardianos/osext
  version: 9b883c5eb462dd5cb1b0a7a104fe86bc6b9bd391
  repo: https://github.com/kardianos/osext.git
  vcs: git
- name: github.com/kr/fs
  version: 2788f0dbd16903de03cb8186e5c7d97b69ad387b
- name: github.com/magiconair/properties
  version: 0723e352fa358f9322c938cc2dadda874e9151a9
- name: github.com/mitchellh/mapstructure
  version: f3009df150dadf309fdee4a54ed65c124afad715
- name: github.com/pelletier/go-buffruneio
  version: df1e16fde7fc330a0ca68167c23bf7ed6ac31d6d
- name: github.com/pelletier/go-toml
  version: 45932ad32dfdd20826f5671da37a5f3ce9f26a8d
- name: github.com/pkg/errors
  version: 248dadf4e9068a0b3e79f02ed0a610d935de5302
- name: github.com/pkg/sftp
  version: 4d0e916071f68db74f8a73926335f809396d6b42
- name: github.com/pmezard/go-difflib
  version: d8ed2627bdf02c080bf22230dbb337003b7aba2d
  subpackages:
  - difflib
- name: github.com/rackspace/gophercloud
  version: 42196eaf5b93739d335921404bb7c5f2205fceb3
  repo: https://github.com/clintonskitson/gophercloud.git
  subpackages:
  - openstack
  - openstack/blockstorage/v1/snapshots
  - openstack/blockstorage/v1/volumes
  - openstack/compute/v2/extensions/volumeattach
  - openstack/identity/v2/tenants
  - openstack/identity/v2/tokens
  - openstack/identity/v3/tokens
  - openstack/utils
  - pagination
  - testhelper
  - testhelper/client
- name: github.com/rubiojr/go-vhd
  version: 96a0db67ea8209453cfa694bdf03de202d6dd8f8
  repo: https://github.com/codenrhoden/go-vhd
  subpackages:
  - vhd
- name: github.com/Sirupsen/logrus
  version: 5f376aa629ac60c3215cc368e674bd996093a01a
  repo: https://github.com/akutz/logrus
- name: github.com/spf13/afero
  version: 52e4a6cfac46163658bd4f123c49b6ee7dc75f78
  subpackages:
  - mem
  - sftp
- name: github.com/spf13/cast
  version: 2580bc98dc0e62908119e4737030cc2fdfc45e4c
- name: github.com/spf13/jwalterweatherman
  version: 33c24e77fb80341fe7130ee7c594256ff08ccc46
- name: github.com/spf13/pflag
  version: 5ccb023bc27df288a957c5e994cd44fd19619465
- name: github.com/spf13/viper
  version: 651d9d916abc3c3d6a91a12549495caba5edffd2
- name: github.com/stretchr/testify
  version: 976c720a22c8eb4eb6a0b4348ad85ad12491a506
  subpackages:
  - assert
- name: github.com/tent/http-link-go
  version: ac974c61c2f990f4115b119354b5e0b47550e888
- name: golang.org/x/crypto
  version: f671756e047d6bc429798536b39e1bbd761e5ce5
  repo: https://github.com/golang/crypto.git
  vcs: git
  subpackages:
  - curve25519
  - ed25519
  - ed25519/internal/edwards25519
  - pkcs12
  - pkcs12/internal/rc2
  - ssh
- name: golang.org/x/net
  version: b336a971b799939dd16ae9b1df8334cb8b977c4d
  subpackages:
  - context
  - context/ctxhttp
  - http2
  - http2/hpack
  - idna
  - internal/timeseries
  - lex/httplex
  - trace
- name: golang.org/x/oauth2
  version: 314dd2c0bf3ebd592ec0d20847d27e79d0dbe8dd
  subpackages:
  - google
  - internal
  - jws
  - jwt
- name: golang.org/x/sys
  version: 002cbb5f952456d0c50e0d2aff17ea5eca716979
  subpackages:
  - unix
- name: golang.org/x/text
  version: dafb3384ad25363d928a9e97ce4ad3a2f0667e34
  repo: https://github.com/golang/text.git
  vcs: git
  subpackages:
  - .
  - transform
  - unicode/norm
- name: google.golang.org/api
  version: d61af0b67e5c8213e8c260ac29a762487bad020d
  repo: https://github.com/google/google-api-go-client
  subpackages:
  - compute/v0.beta
  - gensupport
  - googleapi
  - googleapi/internal/uritemplates
- name: google.golang.org/appengine
  version: 8758a385849434ba5eac8aeedcf5192c5a0f5f10
  subpackages:
  - internal
  - internal/app_identity
  - internal/base
  - internal/datastore
  - internal/log
  - internal/modules
  - internal/remote_api
  - internal/urlfetch
  - urlfetch
- name: google.golang.org/grpc
  version: 50955793b0183f9de69bd78e2ec251cf20aab121
  subpackages:
  - codes
  - credentials
  - grpclog
  - internal
  - metadata
  - naming
  - peer
  - stats
  - tap
  - transport
- name: gopkg.in/yaml.v2
  version: bc35f417f8a7664a73d46c9def2933417c03019f
  repo: https://github.com/akutz/yaml.git
testImports:
- name: gopkg.in/yaml.v1
  version: 9f9df34309c04878acc86042b16630b0f696e1de
