cloud.google.com/go v0.12.0 h1:H4c9eVnJ6yKZSOEMr0eMdMpwwcb/Dg0xCXLf2KxVFks=
cloud.google.com/go v0.12.0/go.mod h1:aQUYkXzVsufM+DwF1aE+0xfcU+56JwCaLick0ClmMTw=
github.com/AVENTER-UG/gofig v0.1.10 h1:U6v7E/N2Atl6ytNQcadQHGO/AD42Cn0EB2RzogarHx8=
github.com/AVENTER-UG/gofig v0.1.10/go.mod h1:L3yrrYvNzkNJo/rubZhaM0nOZY3UnEV663vJSvDLst8=
github.com/Azure/azure-sdk-for-go v7.0.1-beta+incompatible h1:lH4kIlLecPKDzH2XBWctI1/XQc5VUxHlxnLyb/2nxh8=
github.com/Azure/azure-sdk-for-go v7.0.1-beta+incompatible/go.mod h1:9XXNKU+eRnpl9moKnB4QOLf1HestfXbmab5FXxiDBjc=
github.com/Azure/go-autorest v7.2.5+incompatible h1:riTLEGtgKjMx80ePLNifo17b5dgc6RoJCuIhOHmth8o=
github.com/Azure/go-autorest v7.2.5+incompatible/go.mod h1:r+4oMnoxhatjLLJ6zxSWATqVooLgysK6ZNox3g/xq24=
github.com/Masterminds/semver v1.5.0 h1:H65muMkzWKEuNDnfl9d70GUjFniHKHRbFPGBuZ3QEww=
github.com/Masterminds/semver v1.5.0/go.mod h1:MB6lktGJrhw8PrUyiEoblNEGEQ+RzHPF078ddwwvV3Y=
github.com/Microsoft/go-winio v0.4.5 h1:U2XsGR5dBg1yzwSEJoP2dE2/aAXpmad+CNG2hE9Pd5k=
github.com/Microsoft/go-winio v0.4.5/go.mod h1:VhR8bwka0BXejwEJY73c50VrPtXAaKcyvVC4A4RozmA=
github.com/SermoDigital/jose v0.0.0-20161205224733-f6df55f235c2 h1:vaAJk17N8B8JfRDUhK1vSw3L/TAz8w65M3/RMeNusRE=
github.com/SermoDigital/jose v0.0.0-20161205224733-f6df55f235c2/go.mod h1:ARgCUhI1MHQH+ONky/PAtmVHQrP5JlGY0F3poXOp/fA=
github.com/akutz/go-bindata v0.0.0-20160412065030-1dd44b25b79c/go.mod h1:OV/ib/M7sXqIus4oUGfEgSdFoCrwNyT/k1z9hAuygaA=
github.com/akutz/gofig v0.1.9 h1:RRKZoY+1L/W62GdGQupY65wE2vUe5ZRcDrtZju1kkv0=
github.com/akutz/gofig v0.1.9 h1:Y8omdH1pyP5wJk4V6y5PLJjYQm8H0V8MHmRsndBfSJ8=
github.com/akutz/gofig v0.1.9 h1:Y8omdH1pyP5wJk4V6y5PLJjYQm8H0V8MHmRsndBfSJ8=
github.com/akutz/gofig v0.1.9/go.mod h1:F9tCTdcC+ijEHQqkVqqa5FCezgQmkR5KNFMp1SJw8eA=
github.com/akutz/gofig v0.1.9/go.mod h1:F9tCTdcC+ijEHQqkVqqa5FCezgQmkR5KNFMp1SJw8eA=
github.com/akutz/gofig v0.1.9/go.mod h1:L3yrrYvNzkNJo/rubZhaM0nOZY3UnEV663vJSvDLst8=
github.com/akutz/gofig v0.1.10 h1:U6v7E/N2Atl6ytNQcadQHGO/AD42Cn0EB2RzogarHx8=
github.com/akutz/gofig v0.1.10/go.mod h1:L3yrrYvNzkNJo/rubZhaM0nOZY3UnEV663vJSvDLst8=
github.com/akutz/golf v0.1.3 h1:v6LhJA1oPV+WMWxQgRWhU78MfKl1p4unyYMLrJkjKHg=
github.com/akutz/golf v0.1.3/go.mod h1:sB3imBNEmPGRBEx5sX8tpFzpq89wpd8oBG3Hy7qzTMc=
github.com/akutz/goof v0.1.2 h1:ZgsmzbhfcFTh1KhkWrWNAvlDobBUBEKAkSpowCuqOn4=
github.com/akutz/goof v0.1.2/go.mod h1:w8jsAAm0/n4Tst8M4xYwGPMzn54u4pCA3wh4e2rNLlk=
github.com/akutz/gotil v0.1.0 h1:CIYFCaONzf0OWdK0hv0bgpQINZ6flgbBl3yhJNmF9cg=
github.com/akutz/gotil v0.1.0/go.mod h1:dQodnbCqWtMZSTC+JdTOerHMrsp0/EQx3qYG0c6PlxA=
github.com/akutz/gournal v0.5.0 h1:ELlKqTTp9dmaaadDvO19YxUmdMghYuSi23AxoSL/g98=
github.com/akutz/gournal v0.5.0/go.mod h1:w7Ucz8IOvtgsEL1321IY8bIUoASU/khBjAy/L6doMWc=
github.com/akutz/logrus v0.0.0-20170830210741-d842de504ca8/go.mod h1:kiU52HXUseizBNN7gUpRMkABg4zwWXJBa6A0YKVFlss=
github.com/akutz/yaml v0.0.0-20160725221316-bc35f417f8a7/go.mod h1:iRbCpLh/UGJjoO7JUQrSL8/Ftw5ZIn8vl73oh+Wy0cg=
github.com/appropriate/go-virtualboxclient v0.0.0-20150929060730-83f77bb344f9 h1:h/Jd1oUXSgj0Cx5iTBc9Bcab9pXgnXjxBV2RSN9BQg4=
github.com/appropriate/go-virtualboxclient v0.0.0-20150929060730-83f77bb344f9/go.mod h1:GNnmXBSzEQdMfn8d8K02wzEidGpCMB8cQEcl/7+Jxr4=
github.com/asaskevich/govalidator v0.0.0-20170425121227-4918b99a7cb9 h1:IwoI5FDkxVBZLw5UtX8KBKa2mW2zCKdGPfdyBx6nr9U=
github.com/asaskevich/govalidator v0.0.0-20170425121227-4918b99a7cb9/go.mod h1:lB+ZfQJz7igIIfQNfa7Ml4HSf2uFQQRzpGGRXenZAgY=
github.com/aws/aws-sdk-go v1.12.46 h1:oE2/HBA8IiKoh5+z8X/FJsbnyTFR9p8ENXGxvI6Grqc=
github.com/aws/aws-sdk-go v1.12.46/go.mod h1:ZRmQr0FajVIyZ4ZzBYKG5P3ZqPz9IHG41ZoMu1ADI3k=
github.com/cesanta/ucl v0.0.0-20150604132806-97c016fce90e h1:0I6ouUl8zX7Frqi3WryxiEZ5lCIuus74yiKuNsVyM7c=
github.com/cesanta/ucl v0.0.0-20150604132806-97c016fce90e/go.mod h1:B6PyaABmFz89eRwXtLjqtDVXk+2F8ctkiQoxRr+ZWDQ=
github.com/cesanta/validate-json v0.0.0-20150603122804-2f16017c76fc h1:x7AiG4PTuuluRgUi+6wBNyCSv+i1xmYWFUXgTH1MOes=
github.com/cesanta/validate-json v0.0.0-20150603122804-2f16017c76fc/go.mod h1:PsAZGfRLi5x79ez9Y1YLiTh5CV0j6e+P69e+SzR22Mg=
github.com/clintonskitson/go-virtualboxclient v0.0.0-20151220033032-e0978ab2ed40/go.mod h1:lWxr1eKlOJk3JIhNTZ5JoCcnrK7p+GWVi07iaHi6D74=
github.com/codenrhoden/go-vhd v0.0.0-20170208185941-96a0db67ea82/go.mod h1:t3hWuqkitGTE1gi70qOwmFkVWL6/3/cT8LtCuw5uihk=
github.com/coreos/go-systemd v0.0.0-20170731111925-d21964639418 h1:0QH6fTJVDpblGjjozilaO++YRbnQNnTYh3yuFJHH0o8=
github.com/coreos/go-systemd v0.0.0-20170731111925-d21964639418/go.mod h1:F5haX7vjVVG0kc13fIWeqUViNPyEJxv/OmvnBo0Yme4=
github.com/davecgh/go-spew v1.1.0/go.mod h1:J7Y8YcW2NihsgmVo/mv3lAwl/skON4iLHjSsI+c5H38=
github.com/davecgh/go-spew v1.1.1 h1:vj9j/u1bqnvCEfJOwUhtlOARqs3+rkHYY13jYWTU97c=
github.com/davecgh/go-spew v1.1.1/go.mod h1:J7Y8YcW2NihsgmVo/mv3lAwl/skON4iLHjSsI+c5H38=
github.com/dgrijalva/jwt-go v3.0.0+incompatible h1:nfVqwkkhaRUethVJaQf5TUFdFr3YUF4lJBTf/F2XwVI=
github.com/dgrijalva/jwt-go v3.0.0+incompatible/go.mod h1:E3ru+11k8xSBh+hMPgOLZmtrrCbhqsmaPHjLKYnJCaQ=
github.com/digitalocean/godo v1.2.0 h1:0jbLt+1f3u/MkDuxE7MalVYfs+JtFLQP24R74kPJCSY=
github.com/digitalocean/godo v1.2.0/go.mod h1:h6faOIcZ8lWIwNQ+DN7b3CgX4Kwby5T+nbpNqkUIozU=
github.com/docker/go-connections v0.3.0 h1:3lOnM9cSzgGwx8VfK/NGOW5fLQ0GjIlCkaktF+n1M6o=
github.com/docker/go-connections v0.3.0/go.mod h1:Gbd7IOopHjR8Iph03tsViu4nIes5XhDvyHbTtUxmeec=
github.com/docker/go-plugins-helpers v0.0.0-20170817192157-a9ef19c479cb h1:cjBya0EPevs0NPtO5Sr19MrJKlYVzsFIQIl9Ut9I8+I=
github.com/docker/go-plugins-helpers v0.0.0-20170817192157-a9ef19c479cb/go.mod h1:LFyLie6XcDbyKGeVK6bHe+9aJTYCxWLBg5IrJZOaXKA=
github.com/fatih/color v1.12.0 h1:mRhaKNwANqRgUBGKmnI5ZxEk7QXmjQeCcuYFMX2bfcc=
github.com/fatih/color v1.12.0/go.mod h1:ELkj/draVOlAH/xkhN6mQ50Qd0MPOk5AAr3maGEBuJM=
github.com/fsnotify/fsnotify v1.4.2 h1:v5tKwtf2hNhBV24eNYfQ5UmvFOGlOCmRqk7/P1olxtk=
github.com/fsnotify/fsnotify v1.4.2/go.mod h1:jwhsz4b93w/PPRr/qN1Yymfu8t87LnFCMoQvtojpjFo=
github.com/go-ini/ini v1.28.2 h1:drmmYv7psRpoGZkPtPKKTB+ZFSnvmwCMfNj5o1nLh2Y=
github.com/go-ini/ini v1.28.2/go.mod h1:ByCAeIL28uOIIG0E3PJtZPDL8WnHpFKFOtgjp+3Ies8=
github.com/golang/protobuf v0.0.0-20170902000452-17ce1425424a h1:pklYnGCcDc7eaFCzmrTM4fiNgWT5z49peC8hOVdDG88=
github.com/golang/protobuf v0.0.0-20170902000452-17ce1425424a/go.mod h1:6lQm79b+lXiMfvg/cZm0SGofjICqVBUtrP5yJMmIC1U=
github.com/golang/protobuf v1.3.1 h1:YF8+flBXS5eO826T4nzqPrxfhQThhXl0YzfuUPu4SBg=
github.com/golang/protobuf v1.3.1/go.mod h1:6lQm79b+lXiMfvg/cZm0SGofjICqVBUtrP5yJMmIC1U=
github.com/google/go-querystring v0.0.0-20170111101155-53e6ce116135 h1:zLTLjkaOFEFIOxY5BWLFLwh+cL8vOBW4XJ2aqLE/Tf0=
github.com/google/go-querystring v0.0.0-20170111101155-53e6ce116135/go.mod h1:odCYkC5MyYFN7vkCjXpyrEuKhc/BUO6wN/zVPAxq5ck=
github.com/gophercloud/gophercloud v0.0.0-20170916161221-b4c2377fa779 h1:rC2UEh0FTtpYM+WzRBUSMgxwkx8R/e19Chst8Z0MofE=
github.com/gophercloud/gophercloud v0.0.0-20170916161221-b4c2377fa779/go.mod h1:3WdhXV3rUYy9p6AUW8d94kr+HS62Y4VL9mBnFxsD8q4=
github.com/gopherjs/gopherjs v0.0.0-20181017120253-0766667cb4d1 h1:EGx4pi6eqNxGaHF6qqu48+N2wcFQ5qg5FXgOdqsJ5d8=
github.com/gopherjs/gopherjs v0.0.0-20181017120253-0766667cb4d1/go.mod h1:wJfORRmW1u3UXTncJ5qlYoELFm8eSnnEO6hX4iZ3EWY=
github.com/gorilla/context v0.0.0-20160226214623-1ea25387ff6f h1:9oNbS1z4rVpbnkHBdPZU4jo9bSmrLpII768arSyMFgk=
github.com/gorilla/context v0.0.0-20160226214623-1ea25387ff6f/go.mod h1:kBGZzfjB9CEq2AlWe17Uuf7NDRt0dE0s8S51q0aT7Yg=
github.com/gorilla/mux v1.4.0 h1:N6R8isjoRv7IcVVlf0cTBbo0UDc9V6ZXWEm0HQoQmLo=
github.com/gorilla/mux v1.4.0/go.mod h1:1lud6UwP+6orDFRuTfBEV8e9/aOM/c4fVVCaMa2zaAs=
github.com/hashicorp/hcl v0.0.0-20170825171336-8f6b1344a92f h1:U1CJf2If4iOIWu4vtC9S7YL6rSqKYXuQBFo6cUdtdu4=
github.com/hashicorp/hcl v0.0.0-20170825171336-8f6b1344a92f/go.mod h1:oZtUIOe8dh44I2q6ScRibXws4Ajl+d+nod3AaR9vL5w=
github.com/inconshreveable/mousetrap v0.0.0-20141017200713-76626ae9c91c h1:Ur2o+2uZgGSejDFvjNQwiKVey0RCq6PjxK+WIDeRik8=
github.com/inconshreveable/mousetrap v0.0.0-20141017200713-76626ae9c91c/go.mod h1:PxqpIevigyE2G7u3NXJIT2ANytuPF1OarO4DADm73n8=
github.com/jmespath/go-jmespath v0.0.0-20160202185014-0b12d6b521d8 h1:12VvqtR6Aowv3l/EQUlocDHW2Cp4G9WJVH7uyH8QFJE=
github.com/jmespath/go-jmespath v0.0.0-20160202185014-0b12d6b521d8/go.mod h1:Nht3zPeWKUH0NzdCt2Blrr5ys8VGpn0CEB0cQHVjt7k=
github.com/jteeuwen/go-bindata v3.0.7+incompatible h1:91Uy4d9SYVr1kyTJ15wJsog+esAZZl7JmEfTkwmhJts=
github.com/jteeuwen/go-bindata v3.0.7+incompatible/go.mod h1:JVvhzYOiGBnFSYRyV00iY8q7/0PThjIYav1p9h5dmKs=
github.com/jtolds/gls v4.20.0+incompatible h1:xdiiI2gbIgH/gLH7ADydsJ1uDOEzR8yvV7C0MuV77Wo=
github.com/jtolds/gls v4.20.0+incompatible/go.mod h1:QJZ7F/aHp+rZTRtaJ1ow/lLfFfVYBRgL+9YlvaHOwJU=
github.com/kardianos/osext v0.0.0-20170510131534-ae77be60afb1 h1:PJPDf8OUfOK1bb/NeTKd4f1QXZItOX389VN3B6qC8ro=
github.com/kardianos/osext v0.0.0-20170510131534-ae77be60afb1/go.mod h1:1NbS8ALrpOvjt0rHPNLyCIeMtbizbir8U//inJ+zuB8=
github.com/magiconair/properties v1.7.3 h1:6AOjgCKyZFMG/1yfReDPDz3CJZPxnYk7DGmj2HtyF24=
github.com/magiconair/properties v1.7.3/go.mod h1:PppfXfuXeibc/6YijjN8zIbojt8czPbwD3XqdrwzmxQ=
github.com/mattn/go-colorable v0.1.8 h1:c1ghPdyEDarC70ftn0y+A/Ee++9zz8ljHG1b13eJ0s8=
github.com/mattn/go-colorable v0.1.8/go.mod h1:u6P/XSegPjTcexA+o6vUJrdnUu04hMope9wVRipJSqc=
github.com/mattn/go-isatty v0.0.12 h1:wuysRhFDzyxgEmMf5xjvJ2M9dZoWAXNNr5LSBS7uHXY=
github.com/mattn/go-isatty v0.0.12/go.mod h1:cbi8OIDigv2wuxKPP5vlRcQ1OAZbq2CE4Kysco4FUpU=
github.com/mitchellh/mapstructure v0.0.0-20170523030023-d0303fe80992 h1:W7VHAEVflA5/eTyRvQ53Lz5j8bhRd1myHZlI/IZFvbU=
github.com/mitchellh/mapstructure v0.0.0-20170523030023-d0303fe80992/go.mod h1:FVVH3fgwuzCH5S8UJGiWEs2h04kUh9fWfEaFds41c1Y=
github.com/onsi/ginkgo v1.4.0 h1:n60/4GZK0Sr9O2iuGKq876Aoa0ER2ydgpMOBwzJ8e2c=
github.com/onsi/ginkgo v1.4.0/go.mod h1:lLunBs/Ym6LB5Z9jYTR76FiuTmxDTDusOGeTQH+WWjE=
github.com/onsi/gomega v1.2.0 h1:tQjc4uvqBp0z424R9V/S2L18penoUiwZftoY0t48IZ4=
github.com/onsi/gomega v1.2.0/go.mod h1:C1qb7wdrVGGVU+Z6iS04AVkA3Q65CEZX59MT0QO5uiA=
github.com/pelletier/go-buffruneio v0.2.0 h1:U4t4R6YkofJ5xHm3dJzuRpPZ0mr5MMCoAWooScCR7aA=
github.com/pelletier/go-buffruneio v0.2.0/go.mod h1:JkE26KsDizTr40EUHkXVtNPvgGtbSNq5BcowyYOWdKo=
github.com/pelletier/go-toml v1.0.0 h1:QFDlmAXZrfPXEF6c9+15fMqhQIS3O0pxszhnk936vg4=
github.com/pelletier/go-toml v1.0.0/go.mod h1:5z9KED0ma1S8pY6P1sdut58dfprrGBbd/94hg7ilaic=
github.com/pmezard/go-difflib v1.0.0 h1:4DBwDE0NGyQoBHbLQYPwSUPoCMWR5BEzIk/f1lZbAQM=
github.com/pmezard/go-difflib v1.0.0/go.mod h1:iKH77koFhYxTK1pcRnkKkqfTogsbg7gZNVY4sRDYZ/4=
github.com/rubiojr/go-vhd v0.0.0-20200706122120-ccecf6c0760f h1:LcEGzL1HqLZIVKFCUdB0FDo2GQw7VMJ7DWMpO/oPD4c=
github.com/rubiojr/go-vhd v0.0.0-20200706122120-ccecf6c0760f/go.mod h1:DM5xW0nvfNNm2uytzsvhI3OnX8uzaRAg8UX/CnDqbto=
github.com/sirupsen/logrus v1.8.1 h1:dJKuHgqk1NNQlqoA6BTlM1Wf9DOH3NBjQyu0h9+AZZE=
github.com/sirupsen/logrus v1.8.1/go.mod h1:yWOB1SBYBC5VeMP7gHvWumXLIWorT60ONWic61uBYv0=
github.com/smartystreets/assertions v0.0.0-20180927180507-b2de0cb4f26d h1:zE9ykElWQ6/NYmHa3jpm/yHnI4xSofP+UP6SpjHcSeM=
github.com/smartystreets/assertions v0.0.0-20180927180507-b2de0cb4f26d/go.mod h1:OnSkiWE9lh6wB0YB77sQom3nweQdgAjqCqsofrRNTgc=
github.com/smartystreets/goconvey v1.6.4 h1:fv0U8FUIMPNf1L9lnHLvLhgicrIVChEkdzIKYqbNC9s=
github.com/smartystreets/goconvey v1.6.4/go.mod h1:syvi0/a8iFYH4r/RixwvyeAJjdLS9QV7WQ/tjFTllLA=
github.com/soheilhy/cmux v0.1.3 h1:09wy7WZk4AqO03yH85Ex1X+Uo3vDsil3Fa9AgF8Emss=
github.com/soheilhy/cmux v0.1.3/go.mod h1:IM3LyeVVIOuxMH7sFAkER9+bJ4dT7Ms6E4xg4kGIyLM=
github.com/spf13/afero v0.0.0-20170901052352-ee1bd8ee15a1 h1:9YWfpAdlPISN1kBzsAokT9SbSipcgt/BBM0lI9lawmo=
github.com/spf13/afero v0.0.0-20170901052352-ee1bd8ee15a1/go.mod h1:j4pytiNVoe2o6bmDsKpLACNPDBIoEAkihy7loJ1B0CQ=
github.com/spf13/cast v1.1.0 h1:0Rhw4d6C8J9VPu6cjZLIhZ8+aAOHcDvGeKn+cq5Aq3k=
github.com/spf13/cast v1.1.0/go.mod h1:r2rcYCSwa1IExKTDiTfzaxqT2FNHs8hODu4LnUfgKEg=
github.com/spf13/cobra v0.0.0-20170905172051-b78744579491 h1:XOya2OGpG7Q4gS4MYHRoFSTlBGnZD40X+Kw2ikFQFXE=
github.com/spf13/cobra v0.0.0-20170905172051-b78744579491/go.mod h1:1l0Ry5zgKvJasoi3XT1TypsSe7PqH0Sj9dhYf7v3XqQ=
github.com/spf13/jwalterweatherman v0.0.0-20170901151539-12bd96e66386 h1:zBoLErXXAvWnNsu+pWkRYl6Cx1KXmIfAVsIuYkPN6aY=
github.com/spf13/jwalterweatherman v0.0.0-20170901151539-12bd96e66386/go.mod h1:cQK4TGJAtQXfYWX+Ddv3mKDzgVb68N+wFjFa4jdeBTo=
github.com/spf13/pflag v0.0.0-20170901120850-7aff26db30c1 h1:TRYBd3V/2jfUifd2vqT9S1O6mTgEwmgxgfRpI5zx6FU=
github.com/spf13/pflag v0.0.0-20170901120850-7aff26db30c1/go.mod h1:DYY7MBk1bdzusC3SYhjObp+wFpr4gzcvqqNjLnInEg4=
github.com/spf13/viper v1.0.0 h1:RUA/ghS2i64rlnn4ydTfblY8Og8QzcPtCcHvgMn+w/I=
github.com/spf13/viper v1.0.0/go.mod h1:A8kyI5cUJhb8N+3pkfONlcEcZbueH6nhAm0Fq7SrnBM=
github.com/stretchr/testify v0.0.0-20170809224252-890a5c3458b4/go.mod h1:a8OnRcib4nhh0OaRAV+Yts87kKdq0PP7pXfy6kDkUVs=
github.com/stretchr/testify v1.2.2 h1:bSDNvY7ZPG5RlJ8otE/7V6gMiyenm9RtJ7IUVIAoJ1w=
github.com/stretchr/testify v1.2.2/go.mod h1:a8OnRcib4nhh0OaRAV+Yts87kKdq0PP7pXfy6kDkUVs=
github.com/tent/http-link-go v0.0.0-20130702225549-ac974c61c2f9 h1:/Bsw4C+DEdqPjt8vAqaC9LAqpAQnaCQQqmolqq3S1T4=
github.com/tent/http-link-go v0.0.0-20130702225549-ac974c61c2f9/go.mod h1:RHkNRtSLfOK7qBTHaeSX1D6BNpI3qw7NTxsmNr4RvN8=
github.com/thecodeteam/csi-blockdevices v0.0.0-20171027052650-70757e2170eb h1:Ekp3L7D4/PbayxWf3L5CHy9O5z9kFVcmvlhmPyUnGGk=
github.com/thecodeteam/csi-blockdevices v0.0.0-20171027052650-70757e2170eb/go.mod h1:qK4CIqlCxaiD30+YZjMm7Dnkg9G0FwGjNlZK0m3+rYs=
github.com/thecodeteam/csi-nfs v0.0.0-20171027052018-d2e5dceda9b1 h1:/TxREmX9YEl1Pi8euxsi9AA5SeuY+5SvdqdqTvdP9Ik=
github.com/thecodeteam/csi-nfs v0.0.0-20171027052018-d2e5dceda9b1/go.mod h1:bAPV2oC8svV9GhTaunUagd9LoTH3jw2zJ2BzXQK/Y7Q=
github.com/thecodeteam/csi-vfs v0.2.0 h1:Tj71QI0sOE1QqhblmbD7Rw6RGEMfVPvQuDIvocncaD0=
github.com/thecodeteam/csi-vfs v0.2.0/go.mod h1:yQUQqbHsGcGdLIzy/iT61TU4p88fk37qhqkn7JdaC10=
github.com/thecodeteam/gocsi v0.0.0-20171026153342-83f15105815b h1:bhQkS23MEA7V/5LCyI3jXw110YlED+SVFdIeKz7KbQE=
github.com/thecodeteam/gocsi v0.0.0-20171026153342-83f15105815b/go.mod h1:ApbrI9CQ+3GMPFeYQS0E8ys1pLZ1quB3SDcRI407FaI=
github.com/thecodeteam/goioc v0.2.0 h1:JDVb32T1dfcHPNB2uXTtJOnwhKz9WpuBRDJxME1YXj0=
github.com/thecodeteam/goioc v0.2.0/go.mod h1:XaRgqdWs/3wx5BaDsZ0sRHmXx7SJoICxf6S0+SfAto4=
github.com/thecodeteam/goisilon v1.7.0 h1:tXeUFms6n2rf8y/T/9BvpuuZ3fhSLfYgDg+x1YDvPnI=
github.com/thecodeteam/goisilon v1.7.0/go.mod h1:oHtKXIq47v6AauY0VedygxZQLLG04v+R0eX4tAg1d/s=
github.com/thecodeteam/goscaleio v0.0.0-20171027002729-35ca2e98889a h1:AAxQk7+Ff0DHavmDbOHHzmuaq4rYr5UKz2SsStt8EZA=
github.com/thecodeteam/goscaleio v0.0.0-20171027002729-35ca2e98889a/go.mod h1:68sdkZAsK8bvEwBlbQnlLS+xU+hvLYM/iQ8KXej1AwM=
golang.org/x/crypto v0.0.0-20170825220121-81e90905daef h1:R8ubLIilYRXIXpgjOg2l/ECVs3HzVKIjJEhxSsQ91u4=
golang.org/x/crypto v0.0.0-20170825220121-81e90905daef/go.mod h1:6SG95UA2DQfeDnfUPMdvaQW0Q7yPrPDi9nlGo2tz2b4=
golang.org/x/crypto v0.0.0-20190308221718-c2843e01d9a2 h1:VklqNMn3ovrHsnt90PveolxSbWFaJdECFbxSq0Mqo2M=
golang.org/x/crypto v0.0.0-20190308221718-c2843e01d9a2/go.mod h1:djNgcEr1/C05ACkg1iLfiJU5Ep61QUkGW8qpdssI0+w=
golang.org/x/net v0.0.0-20170828231752-66aacef3dd8a h1:DZGc/od29xzgmdBTGZL3zqLaoHS0O+qdIEYJNkOxDKM=
golang.org/x/net v0.0.0-20170828231752-66aacef3dd8a/go.mod h1:mL1N/T3taQHkDXs73rZJwtUhF3w3ftmwwsq0BUmARs4=
golang.org/x/net v0.0.0-20190311183353-d8887717615a h1:oWX7TPOiFAMXLq8o0ikBYfCJVlRHBcsciT5bXOrH628=
golang.org/x/net v0.0.0-20190311183353-d8887717615a/go.mod h1:t9HGtf8HONx5eT2rtn7q6eTqICYqUVnKs3thJo3Qplg=
golang.org/x/net v0.0.0-20190603091049-60506f45cf65 h1:+rhAzEzT3f4JtomfC371qB+0Ola2caSKcY69NUBZrRQ=
golang.org/x/net v0.0.0-20190603091049-60506f45cf65/go.mod h1:HSz+uSET+XFnRR8LxR5pz3Of3rY3CfYBVs4xY44aLks=
golang.org/x/oauth2 v0.0.0-20170901193052-d89af98d7c6b h1:smg/JJTqRGyQn68RwDuYFpZ7CMDVjLAmSCfQavNqsUg=
golang.org/x/oauth2 v0.0.0-20170901193052-d89af98d7c6b/go.mod h1:N/0e6XlmueqKjAGxoOufVs8QHGRruUQn6yWY3a++T0U=
golang.org/x/sync v0.0.0-20210220032951-036812b2e83c h1:5KslGYwFpkhGh+Q16bwMP3cOontH8FOep7tGV86Y7SQ=
golang.org/x/sync v0.0.0-20210220032951-036812b2e83c/go.mod h1:RxMgew5VJxzue5/jJTE5uejpjVlOe/izrB70Jof72aM=
golang.org/x/sys v0.0.0-20170906000021-9aade4d3a3b7 h1:H4tV+g1iZRrnEh9Xnm1S1tfjIh5g2AbaQHpu5Txy3Is=
golang.org/x/sys v0.0.0-20170906000021-9aade4d3a3b7/go.mod h1:STP8DvDyc/dI5b8T5hshtkjS+E42TnysNCUPdjciGhY=
golang.org/x/sys v0.0.0-20190215142949-d0b11bdaac8a/go.mod h1:STP8DvDyc/dI5b8T5hshtkjS+E42TnysNCUPdjciGhY=
golang.org/x/sys v0.0.0-20191026070338-33540a1f6037 h1:YyJpGZS1sBuBCzLAR1VEpK193GlqGZbnPFnPV/5Rsb4=
golang.org/x/sys v0.0.0-20191026070338-33540a1f6037/go.mod h1:h1NjWce9XRLGQEsW7wpKNCjG9DtNlClVuFLEZdDNbEs=
golang.org/x/sys v0.0.0-20200116001909-b77594299b42/go.mod h1:h1NjWce9XRLGQEsW7wpKNCjG9DtNlClVuFLEZdDNbEs=
golang.org/x/sys v0.0.0-20200223170610-d5e6a3e2c0ae h1:/WDfKMnPU+m5M4xB+6x4kaepxRw6jWvR5iDRdvjHgy8=
golang.org/x/sys v0.0.0-20200223170610-d5e6a3e2c0ae/go.mod h1:h1NjWce9XRLGQEsW7wpKNCjG9DtNlClVuFLEZdDNbEs=
golang.org/x/text v0.0.0-20170901153044-bd91bbf73e9a h1:qqS2PhMSi15DfqqjsRlTwZNaLRKPupyg3p8hlHBT33M=
golang.org/x/text v0.0.0-20170901153044-bd91bbf73e9a/go.mod h1:NqM8EUOU14njkJ3fqMW+pc6Ldnwhi/IjpwHt7yyuwOQ=
golang.org/x/text v0.3.0 h1:g61tztE5qeGQ89tm6NTjjM9VPIm088od1l6aSorWRWg=
golang.org/x/text v0.3.0/go.mod h1:NqM8EUOU14njkJ3fqMW+pc6Ldnwhi/IjpwHt7yyuwOQ=
golang.org/x/text v0.3.2 h1:tW2bmiBqwgJj/UpqtC8EpXEZVYOwU0yG4iWbprSVAcs=
golang.org/x/text v0.3.2/go.mod h1:bEr9sfX3Q8Zfm5fL9x+3itogRgK3+ptLWKqgva+5dAk=
golang.org/x/tools v0.0.0-20180917221912-90fa682c2a6e/go.mod h1:n7NCudcB/nEzxVGmLbDWY5pfWTLqBcC2KZ6jyYvM4mQ=
golang.org/x/tools v0.0.0-20190328211700-ab21143f2384/go.mod h1:LCzVGOaR6xXOjkQ3onu1FJEFr0SW1gC7cKk1uF8kGRs=
google.golang.org/api v0.0.0-20170906000354-38eaa396bab4 h1:Irckm495rIoGOeDmrLtVPwp0sHFmjQFavy6Qu/YhHgg=
google.golang.org/api v0.0.0-20170906000354-38eaa396bab4/go.mod h1:4mhQ8q/RsB7i+udVvVy5NUi08OU8ZlA0gRVgrF7VFY0=
google.golang.org/appengine v1.6.7 h1:FZR1q0exgwxzPzp/aF+VccGrSfxfPpkBqjIIEq3ru6c=
google.golang.org/appengine v1.6.7/go.mod h1:8WjMMxjGQR8xUklV/ARdw2HLXBOI7O7uCIDZVag1xfc=
google.golang.org/genproto v0.0.0-20170904050139-595979c8a7bf h1:kGVvEGUZ3XbatknroUPC/DUjEE0NEXVP1j3yBGdUrZU=
google.golang.org/genproto v0.0.0-20170904050139-595979c8a7bf/go.mod h1:JiN7NxoALGmiZfu7CAH4rXhgtRTLTxftemlI0sWmxmc=
google.golang.org/grpc v1.6.0 h1:vaySXtNtPrLJFCiET8QXtfBrqq16ynklmFGaZwLcd1M=
google.golang.org/grpc v1.6.0/go.mod h1:yo6s7OP7yaDglbqo1J04qKzAhqBH6lvTonzMVmEdcZw=
gopkg.in/check.v1 v0.0.0-20161208181325-20d25e280405 h1:yhCVgyC4o1eVCa2tZl7eS0r+SDo693bJlVdllGtEeKM=
gopkg.in/check.v1 v0.0.0-20161208181325-20d25e280405/go.mod h1:Co6ibVJAznAaIkqp8huTwlJQCZ016jof/cbN4VW5Yz0=
gopkg.in/yaml.v2 v2.4.0 h1:D8xgwECY7CYvx+Y2n4sBz93Jn9JRvxdiyyo8CTfuKaY=
gopkg.in/yaml.v2 v2.4.0/go.mod h1:RDklbk79AGWmwhnvt/jBztapEOGDOx6ZbXqjP6csGnQ=
