# This file is autogenerated, do not edit; changes may be undone by the next 'dep ensure'.


[[projects]]
  name = "cloud.google.com/go"
  packages = ["compute/metadata"]
  revision = "9be7f826df5cb36bc19f57a919cffb1c1b6d9696"

[[projects]]
  name = "github.com/Azure/azure-sdk-for-go"
  packages = ["arm/compute","storage"]
  revision = "0984e0641ae43b89283223034574d6465be93bf4"
  version = "v7.0.1-beta"

[[projects]]
  name = "github.com/Azure/go-autorest"
  packages = ["autorest","autorest/azure","autorest/date","autorest/to","autorest/validation"]
  revision = "8a25372bbfec739b8719a9e3987400d15ef9e179"
  version = "v7.2.2"

[[projects]]
  name = "github.com/SermoDigital/jose"
  packages = [".","crypto","jws","jwt"]
  revision = "f6df55f235c24f236d11dbcf665249a59ac2021f"
  version = "1.1"

[[projects]]
  name = "github.com/Sirupsen/logrus"
  packages = ["."]
  revision = "5f376aa629ac60c3215cc368e674bd996093a01a"
  source = "https://github.com/akutz/logrus"

[[projects]]
  name = "github.com/akutz/gofig"
  packages = [".","types"]
  revision = "65fa82bc59644020b3ad6be479c0954fc82bd0fc"
  version = "v0.1.8"

[[projects]]
  name = "github.com/akutz/golf"
  packages = [".","logrus"]
  revision = "296de562c59e98534dc2d7b49f6ba310e3edb69d"
  version = "v0.1.2"

[[projects]]
  name = "github.com/akutz/goof"
  packages = ["."]
  revision = "72efb1916248a881f8d39e20b9709696c5eda708"
  version = "v0.1.1"

[[projects]]
  name = "github.com/akutz/gotil"
  packages = ["."]
  revision = "6fa2e80bd3ac40f15788cfc3d12ebba49a0add92"
  version = "v0.1.0"

[[projects]]
  name = "github.com/appropriate/go-virtualboxclient"
  packages = ["vboxwebsrv","virtualboxclient"]
  revision = "e0978ab2ed407095400a69d5933958dd260058cd"
  source = "https://github.com/clintonskitson/go-virtualboxclient"

[[projects]]
  name = "github.com/asaskevich/govalidator"
  packages = ["."]
  revision = "15028e809df8c71964e8efa6c11e81d5c0262302"

[[projects]]
  name = "github.com/aws/aws-sdk-go"
  packages = ["aws","aws/awserr","aws/awsutil","aws/client","aws/client/metadata","aws/corehandlers","aws/credentials","aws/credentials/ec2rolecreds","aws/credentials/endpointcreds","aws/credentials/stscreds","aws/defaults","aws/ec2metadata","aws/endpoints","aws/request","aws/session","aws/signer/v4","private/protocol","private/protocol/ec2query","private/protocol/json/jsonutil","private/protocol/jsonrpc","private/protocol/query","private/protocol/query/queryutil","private/protocol/rest","private/protocol/restjson","private/protocol/restxml","private/protocol/xml/xmlutil","private/waiter","service/ec2","service/efs","service/s3","service/sts"]
  revision = "3f8f870ec9939e32b3372abf74d24e468bcd285d"
  version = "v1.6.18"

[[projects]]
  name = "github.com/cesanta/ucl"
  packages = ["."]
  revision = "97c016fce90e6af1b14558563ac46852167e6a76"

[[projects]]
  name = "github.com/cesanta/validate-json"
  packages = ["schema"]
  revision = "2f16017c76fc2403d143e93cea1e1b9526a01148"

[[projects]]
  name = "github.com/codedellemc/goisilon"
  packages = [".","api","api/json","api/v1","api/v2"]
  revision = "2ea94fb4dd4f34507c9d67d8d2e35dcc0edb5f89"
  version = "v1.5.0"

[[projects]]
  name = "github.com/codedellemc/goscaleio"
  packages = [".","tls","types/v1"]
  revision = "485da3636bfcc8e70f74fe7bdc7cb25e5a6e4c4a"

[[projects]]
  name = "github.com/codedellemc/gournal"
  packages = [".","logrus"]
  revision = "4293aaf7e91602963a5777caef4b346e1cf21936"
  version = "v0.3.0"

[[projects]]
  name = "github.com/davecgh/go-spew"
  packages = ["spew"]
  revision = "04cdfd42973bb9c8589fd6a731800cf222fde1a9"

[[projects]]
  name = "github.com/dgrijalva/jwt-go"
  packages = ["."]
  revision = "a539ee1a749a2b895533f979515ac7e6e0f5b650"

[[projects]]
  name = "github.com/digitalocean/godo"
  packages = [".","context"]
  revision = "83908b1ddd666d08a9b020c697b55ae3895be2fd"

[[projects]]
  name = "github.com/fsnotify/fsnotify"
  packages = ["."]
  revision = "4da3e2cfbabc9f751898f250b49f2439785783a1"

[[projects]]
  name = "github.com/go-ini/ini"
  packages = ["."]
  revision = "3d73f4b845efdf9989fffd4b4e562727744a34ba"

[[projects]]
  name = "github.com/golang/protobuf"
  packages = ["proto"]
  revision = "1909bc2f63dc92bb931deace8b8312c4db72d12f"

[[projects]]
  branch = "master"
  name = "github.com/google/go-querystring"
  packages = ["query"]
  revision = "53e6ce116135b80d037921a7fdd5138cf32d7a8a"

[[projects]]
  name = "github.com/gophercloud/gophercloud"
  packages = [".","openstack","openstack/blockstorage/extensions/volumeactions","openstack/blockstorage/v1/snapshots","openstack/blockstorage/v1/volumes","openstack/blockstorage/v2/volumes","openstack/compute/v2/extensions/volumeattach","openstack/identity/v2/tenants","openstack/identity/v2/tokens","openstack/identity/v3/extensions/trusts","openstack/identity/v3/tokens","openstack/utils","pagination"]
  revision = "9a5595b8ffe429439c63781cdc312c254e4ad990"

[[projects]]
  name = "github.com/gorilla/context"
  packages = ["."]
  revision = "08b5f424b9271eedf6f9f0ce86cb9396ed337a42"

[[projects]]
  name = "github.com/gorilla/mux"
  packages = ["."]
  revision = "ac112f7d75a0714af1bd86ab17749b31f7809640"

[[projects]]
  name = "github.com/hashicorp/hcl"
  packages = [".","hcl/ast","hcl/parser","hcl/scanner","hcl/strconv","hcl/token","json/parser","json/scanner","json/token"]
  revision = "392dba7d905ed5d04a5794ba89f558b27e2ba1ca"

[[projects]]
  name = "github.com/inconshreveable/mousetrap"
  packages = ["."]
  revision = "76626ae9c91c4f2a10f34cad8ce83ea42c93bb75"
  version = "v1.0"

[[projects]]
  name = "github.com/jmespath/go-jmespath"
  packages = ["."]
  revision = "bd40a432e4c76585ef6b72d3fd96fb9b6dc7b68d"

[[projects]]
  name = "github.com/jteeuwen/go-bindata"
  packages = ["."]
  revision = "1dd44b25b79c4d9060e582e90798e4d72537818c"
  source = "https://github.com/akutz/go-bindata"

[[projects]]
  branch = "master"
  name = "github.com/kardianos/osext"
  packages = ["."]
  revision = "ae77be60afb1dcacde03767a8c37337fad28ac14"

[[projects]]
  name = "github.com/magiconair/properties"
  packages = ["."]
  revision = "be5ece7dd465ab0765a9682137865547526d1dfb"
  version = "v1.7.3"

[[projects]]
  branch = "master"
  name = "github.com/mitchellh/mapstructure"
  packages = ["."]
  revision = "d0303fe809921458f417bcf828397a65db30a7e4"

[[projects]]
  name = "github.com/onsi/ginkgo"
  packages = [".","config","internal/codelocation","internal/containernode","internal/failer","internal/leafnodes","internal/remote","internal/spec","internal/spec_iterator","internal/specrunner","internal/suite","internal/testingtproxy","internal/writer","reporters","reporters/stenographer","reporters/stenographer/support/go-colorable","reporters/stenographer/support/go-isatty","types"]
  revision = "77a8c1e5c40d6bb6c5eb4dd4bdce9763564f6298"
  version = "v1.3.1"

[[projects]]
  name = "github.com/onsi/gomega"
  packages = [".","format","internal/assertion","internal/asyncassertion","internal/oraclematcher","internal/testingtsupport","matchers","matchers/support/goraph/bipartitegraph","matchers/support/goraph/edge","matchers/support/goraph/node","matchers/support/goraph/util","types"]
  revision = "334b8f472b3af5d541c5642701c1e29e2126f486"
  version = "v1.1.0"

[[projects]]
  name = "github.com/pelletier/go-toml"
  packages = ["."]
  revision = "69d355db5304c0f7f809a2edc054553e7142f016"

[[projects]]
  name = "github.com/pmezard/go-difflib"
  packages = ["difflib"]
  revision = "d8ed2627bdf02c080bf22230dbb337003b7aba2d"

[[projects]]
  name = "github.com/rubiojr/go-vhd"
  packages = ["vhd"]
  revision = "96a0db67ea8209453cfa694bdf03de202d6dd8f8"
  source = "https://github.com/codenrhoden/go-vhd"

[[projects]]
  name = "github.com/spf13/afero"
  packages = [".","mem"]
  revision = "9be650865eab0c12963d8753212f4f9c66cdcf12"

[[projects]]
  name = "github.com/spf13/cast"
  packages = ["."]
  revision = "acbeb36b902d72a7a4c18e8f3241075e7ab763e4"
  version = "v1.1.0"

[[projects]]
  name = "github.com/spf13/cobra"
  packages = ["."]
  revision = "7be4beda01ec05d0b93d80b3facd2b6f44080d94"

[[projects]]
  branch = "master"
  name = "github.com/spf13/jwalterweatherman"
  packages = ["."]
  revision = "0efa5202c04663c757d84f90f5219c1250baf94f"

[[projects]]
  name = "github.com/spf13/pflag"
  packages = ["."]
  revision = "d16db1e50e33dff1b6cdf37596cef36742128670"

[[projects]]
  name = "github.com/spf13/viper"
  packages = ["."]
  revision = "25b30aa063fc18e48662b86996252eabdcf2f0c7"
  version = "v1.0.0"

[[projects]]
  name = "github.com/stretchr/testify"
  packages = ["assert"]
  revision = "4d4bfba8f1d1027c4fdbe371823030df51419987"

[[projects]]
  branch = "master"
  name = "github.com/tent/http-link-go"
  packages = ["."]
  revision = "ac974c61c2f990f4115b119354b5e0b47550e888"

[[projects]]
  name = "golang.org/x/crypto"
  packages = ["pkcs12","pkcs12/internal/rc2"]
  revision = "b176d7def5d71bdd214203491f89843ed217f420"
  source = "https://github.com/golang/crypto.git"

[[projects]]
  name = "golang.org/x/net"
  packages = ["context","context/ctxhttp"]
  revision = "b336a971b799939dd16ae9b1df8334cb8b977c4d"

[[projects]]
  name = "golang.org/x/oauth2"
  packages = [".","google","internal","jws","jwt"]
  revision = "314dd2c0bf3ebd592ec0d20847d27e79d0dbe8dd"

[[projects]]
  name = "golang.org/x/sys"
  packages = ["unix"]
  revision = "002cbb5f952456d0c50e0d2aff17ea5eca716979"

[[projects]]
  name = "golang.org/x/text"
  packages = ["internal/gen","internal/triegen","internal/ucd","transform","unicode/cldr","unicode/norm"]
  revision = "3bd178b88a8180be2df394a1fbb81313916f0e7b"

[[projects]]
  name = "google.golang.org/api"
  packages = ["compute/v0.beta","gensupport","googleapi","googleapi/internal/uritemplates"]
  revision = "d61af0b67e5c8213e8c260ac29a762487bad020d"
  source = "https://github.com/google/google-api-go-client"

[[projects]]
  name = "google.golang.org/appengine"
  packages = [".","internal","internal/app_identity","internal/base","internal/datastore","internal/log","internal/modules","internal/remote_api","internal/urlfetch","urlfetch"]
  revision = "c5a90ac045b779001847fec87403f5cba090deae"

[[projects]]
  name = "gopkg.in/yaml.v2"
  packages = ["."]
  revision = "bc35f417f8a7664a73d46c9def2933417c03019f"
  source = "https://github.com/akutz/yaml.git"

[solve-meta]
  analyzer-name = "dep"
  analyzer-version = 1
  inputs-digest = "6fc0f4ff951c862aab8d11ccab6389fb4752c55041083f49f54ecc358129b126"
  solver-name = "gps-cdcl"
  solver-version = 1
