# This file is autogenerated, do not edit; changes may be undone by the next 'dep ensure'.


[[projects]]
  name = "cloud.google.com/go"
  packages = ["compute/metadata"]
  revision = "0f0b8420cb699ac4ce059c63bac263f4301fe95b"
  version = "v0.12.0"

[[projects]]
  name = "github.com/Azure/azure-sdk-for-go"
  packages = ["arm/compute","storage"]
  revision = "0984e0641ae43b89283223034574d6465be93bf4"
  version = "v7.0.1-beta"

[[projects]]
  name = "github.com/Azure/go-autorest"
  packages = ["autorest","autorest/azure","autorest/date","autorest/to","autorest/validation"]
  revision = "92e199ed6a4b8b81c5d7536915af3616c2cd9fff"
  version = "v7.2.5"

[[projects]]
  name = "github.com/Microsoft/go-winio"
  packages = ["."]
  revision = "78439966b38d69bf38227fbf57ac8a6fee70f69a"
  version = "v0.4.5"

[[projects]]
  name = "github.com/SermoDigital/jose"
  packages = [".","crypto","jws","jwt"]
  revision = "f6df55f235c24f236d11dbcf665249a59ac2021f"
  version = "1.1"

[[projects]]
  name = "github.com/akutz/gofig"
  packages = [".","types"]
  revision = "624e27bb99f9093d70f57d61ad4c472d09aacb18"
  version = "v0.1.9"

[[projects]]
  name = "github.com/akutz/golf"
  packages = [".","logrus"]
  revision = "8b7106fd98bcc77f397917bcc8944229e9e4ec66"
  version = "v0.1.3"

[[projects]]
  name = "github.com/akutz/goof"
  packages = ["."]
  revision = "2321ba37c3513692d6f799d91fa66f28d11c7d7a"
  version = "v0.1.2"

[[projects]]
  name = "github.com/akutz/gotil"
  packages = ["."]
  revision = "6fa2e80bd3ac40f15788cfc3d12ebba49a0add92"
  version = "v0.1.0"

[[projects]]
  name = "github.com/appropriate/go-virtualboxclient"
  packages = ["vboxwebsrv","virtualboxclient"]
  revision = "e0978ab2ed407095400a69d5933958dd260058cd"
  source = "https://github.com/clintonskitson/go-virtualboxclient"

[[projects]]
  name = "github.com/asaskevich/govalidator"
  packages = ["."]
  revision = "4918b99a7cb949bb295f3c7bbaf24b577d806e35"
  version = "v6"

[[projects]]
  name = "github.com/aws/aws-sdk-go"
  packages = ["aws","aws/awserr","aws/awsutil","aws/client","aws/client/metadata","aws/corehandlers","aws/credentials","aws/credentials/ec2rolecreds","aws/credentials/endpointcreds","aws/credentials/stscreds","aws/defaults","aws/ec2metadata","aws/endpoints","aws/request","aws/session","aws/signer/v4","internal/shareddefaults","private/protocol","private/protocol/ec2query","private/protocol/json/jsonutil","private/protocol/jsonrpc","private/protocol/query","private/protocol/query/queryutil","private/protocol/rest","private/protocol/restjson","private/protocol/restxml","private/protocol/xml/xmlutil","service/ec2","service/efs","service/s3","service/sts"]
  revision = "960dd6034cbdac0e9716bfa66d91de88b286889f"
  version = "v1.10.38"

[[projects]]
  branch = "master"
  name = "github.com/cesanta/ucl"
  packages = ["."]
  revision = "97c016fce90e6af1b14558563ac46852167e6a76"

[[projects]]
  branch = "master"
  name = "github.com/cesanta/validate-json"
  packages = ["schema"]
  revision = "2f16017c76fc2403d143e93cea1e1b9526a01148"

[[projects]]
  branch = "master"
  name = "github.com/codedellemc/csi-blockdevices"
  packages = ["block","provider","services"]
  revision = "54ddd210bd47c8e76a3357cb6b67ded66c194e37"

[[projects]]
  name = "github.com/codedellemc/csi-nfs"
  packages = ["nfs","provider","services"]
  revision = "d4a80fee1473ad52119b1fad8940bc2939b36a59"
  version = "v0.1.0"

[[projects]]
  branch = "master"
  name = "github.com/codedellemc/gocsi"
  packages = [".","csi","mount"]
  revision = "d07507962de8603e31ce24cbd17b0f15aa1c6a3b"

[[projects]]
  name = "github.com/codedellemc/goioc"
  packages = ["."]
  revision = "900b2641c1787980890665af794d8ff23ffa7afd"
  version = "v0.1.1"

[[projects]]
  name = "github.com/codedellemc/goisilon"
  packages = [".","api","api/json","api/v1","api/v2"]
  revision = "301d518bb39637b839382deb686811dcf257b8c8"

[[projects]]
  name = "github.com/codedellemc/goscaleio"
  packages = [".","tls","types/v1"]
  revision = "d9df9f1ff56d951b0d5dfc30c374533ac56a4068"

[[projects]]
  name = "github.com/codedellemc/gournal"
  packages = [".","logrus"]
  revision = "914f22d81ae2255c67ce7dd7f4c1dcb75c9c619a"
  version = "v0.3.1"

[[projects]]
  name = "github.com/coreos/go-systemd"
  packages = ["activation"]
  revision = "d2196463941895ee908e13531a23a39feb9e1243"
  version = "v15"

[[projects]]
  name = "github.com/davecgh/go-spew"
  packages = ["spew"]
  revision = "346938d642f2ec3594ed81d874461961cd0faa76"
  version = "v1.1.0"

[[projects]]
  name = "github.com/dgrijalva/jwt-go"
  packages = ["."]
  revision = "d2709f9f1f31ebcda9651b03077758c1f3a0018c"
  version = "v3.0.0"

[[projects]]
  name = "github.com/digitalocean/godo"
  packages = [".","context"]
  revision = "4fa9e9d999007b447089056a1c581b5594f0f851"
  version = "v1.1.0"

[[projects]]
  name = "github.com/docker/go-connections"
  packages = ["sockets"]
  revision = "3ede32e2033de7505e6500d6c868c2b9ed9f169d"
  version = "v0.3.0"

[[projects]]
  branch = "master"
  name = "github.com/docker/go-plugins-helpers"
  packages = ["sdk","volume"]
  revision = "a9ef19c479cb60e751efa55f7f2b265776af1abf"

[[projects]]
  name = "github.com/fsnotify/fsnotify"
  packages = ["."]
  revision = "629574ca2a5df945712d3079857300b5e4da0236"
  version = "v1.4.2"

[[projects]]
  name = "github.com/go-ini/ini"
  packages = ["."]
  revision = "20b96f641a5ea98f2f8619ff4f3e061cff4833bd"
  version = "v1.28.2"

[[projects]]
  branch = "master"
  name = "github.com/golang/protobuf"
  packages = ["proto","ptypes","ptypes/any","ptypes/duration","ptypes/timestamp"]
  revision = "17ce1425424ab154092bbb43af630bd647f3bb0d"

[[projects]]
  branch = "master"
  name = "github.com/google/go-querystring"
  packages = ["query"]
  revision = "53e6ce116135b80d037921a7fdd5138cf32d7a8a"

[[projects]]
  name = "github.com/gophercloud/gophercloud"
  packages = [".","openstack","openstack/blockstorage/extensions/volumeactions","openstack/blockstorage/v1/snapshots","openstack/blockstorage/v1/volumes","openstack/blockstorage/v2/volumes","openstack/compute/v2/extensions/volumeattach","openstack/identity/v2/tenants","openstack/identity/v2/tokens","openstack/identity/v3/extensions/trusts","openstack/identity/v3/tokens","openstack/utils","pagination"]
  revision = "b4c2377fa77951a0e08163f52dc9b3e206355194"

[[projects]]
  name = "github.com/gorilla/context"
  packages = ["."]
  revision = "1ea25387ff6f684839d82767c1733ff4d4d15d0a"
  version = "v1.1"

[[projects]]
  name = "github.com/gorilla/mux"
  packages = ["."]
  revision = "bcd8bc72b08df0f70df986b97f95590779502d31"
  version = "v1.4.0"

[[projects]]
  branch = "master"
  name = "github.com/hashicorp/hcl"
  packages = [".","hcl/ast","hcl/parser","hcl/scanner","hcl/strconv","hcl/token","json/parser","json/scanner","json/token"]
  revision = "8f6b1344a92ff8877cf24a5de9177bf7d0a2a187"

[[projects]]
  name = "github.com/inconshreveable/mousetrap"
  packages = ["."]
  revision = "76626ae9c91c4f2a10f34cad8ce83ea42c93bb75"
  version = "v1.0"

[[projects]]
  name = "github.com/jmespath/go-jmespath"
  packages = ["."]
  revision = "3433f3ea46d9f8019119e7dd41274e112a2359a9"
  version = "0.2.2"

[[projects]]
  name = "github.com/jteeuwen/go-bindata"
  packages = ["."]
  revision = "1dd44b25b79c4d9060e582e90798e4d72537818c"
  source = "https://github.com/akutz/go-bindata"

[[projects]]
  branch = "master"
  name = "github.com/kardianos/osext"
  packages = ["."]
  revision = "ae77be60afb1dcacde03767a8c37337fad28ac14"

[[projects]]
  name = "github.com/magiconair/properties"
  packages = ["."]
  revision = "be5ece7dd465ab0765a9682137865547526d1dfb"
  version = "v1.7.3"

[[projects]]
  branch = "master"
  name = "github.com/mitchellh/mapstructure"
  packages = ["."]
  revision = "d0303fe809921458f417bcf828397a65db30a7e4"

[[projects]]
  name = "github.com/onsi/ginkgo"
  packages = [".","config","internal/codelocation","internal/containernode","internal/failer","internal/leafnodes","internal/remote","internal/spec","internal/spec_iterator","internal/specrunner","internal/suite","internal/testingtproxy","internal/writer","reporters","reporters/stenographer","reporters/stenographer/support/go-colorable","reporters/stenographer/support/go-isatty","types"]
  revision = "9eda700730cba42af70d53180f9dcce9266bc2bc"
  version = "v1.4.0"

[[projects]]
  name = "github.com/onsi/gomega"
  packages = [".","format","internal/assertion","internal/asyncassertion","internal/oraclematcher","internal/testingtsupport","matchers","matchers/support/goraph/bipartitegraph","matchers/support/goraph/edge","matchers/support/goraph/node","matchers/support/goraph/util","types"]
  revision = "c893efa28eb45626cdaa76c9f653b62488858837"
  version = "v1.2.0"

[[projects]]
  name = "github.com/pelletier/go-buffruneio"
  packages = ["."]
  revision = "c37440a7cf42ac63b919c752ca73a85067e05992"
  version = "v0.2.0"

[[projects]]
  name = "github.com/pelletier/go-toml"
  packages = ["."]
  revision = "5ccdfb18c776b740aecaf085c4d9a2779199c279"
  version = "v1.0.0"

[[projects]]
  name = "github.com/pmezard/go-difflib"
  packages = ["difflib"]
  revision = "792786c7400a136282c1664665ae0a8db921c6c2"
  version = "v1.0.0"

[[projects]]
  name = "github.com/rubiojr/go-vhd"
  packages = ["vhd"]
  revision = "96a0db67ea8209453cfa694bdf03de202d6dd8f8"
  source = "https://github.com/codenrhoden/go-vhd"

[[projects]]
  name = "github.com/sirupsen/logrus"
  packages = ["."]
  revision = "d842de504ca841f97533764c59d3166afd70ddb9"
  source = "https://github.com/akutz/logrus"

[[projects]]
  name = "github.com/soheilhy/cmux"
  packages = ["."]
  revision = "bb79a83465015a27a175925ebd155e660f55e9f1"
  version = "v0.1.3"

[[projects]]
  branch = "master"
  name = "github.com/spf13/afero"
  packages = [".","mem"]
  revision = "ee1bd8ee15a1306d1f9201acc41ef39cd9f99a1b"

[[projects]]
  name = "github.com/spf13/cast"
  packages = ["."]
  revision = "acbeb36b902d72a7a4c18e8f3241075e7ab763e4"
  version = "v1.1.0"

[[projects]]
  branch = "master"
  name = "github.com/spf13/cobra"
  packages = ["."]
  revision = "b78744579491c1ceeaaa3b40205e56b0591b93a3"

[[projects]]
  branch = "master"
  name = "github.com/spf13/jwalterweatherman"
  packages = ["."]
  revision = "12bd96e66386c1960ab0f74ced1362f66f552f7b"

[[projects]]
  branch = "master"
  name = "github.com/spf13/pflag"
  packages = ["."]
  revision = "7aff26db30c1be810f9de5038ec5ef96ac41fd7c"

[[projects]]
  name = "github.com/spf13/viper"
  packages = ["."]
  revision = "25b30aa063fc18e48662b86996252eabdcf2f0c7"
  version = "v1.0.0"

[[projects]]
  branch = "master"
  name = "github.com/stretchr/testify"
  packages = ["assert"]
  revision = "890a5c3458b43e6104ff5da8dfa139d013d77544"

[[projects]]
  branch = "master"
  name = "github.com/tent/http-link-go"
  packages = ["."]
  revision = "ac974c61c2f990f4115b119354b5e0b47550e888"

[[projects]]
  name = "github.com/thecodeteam/csi-vfs"
  packages = ["provider","service"]
  revision = "db786d3f2dad1376495b5c10e39dc181eb9af084"
  version = "v0.1.7"

[[projects]]
  branch = "master"
  name = "golang.org/x/crypto"
  packages = ["pkcs12","pkcs12/internal/rc2","ssh/terminal"]
  revision = "81e90905daefcd6fd217b62423c0908922eadb30"

[[projects]]
  branch = "master"
  name = "golang.org/x/net"
  packages = ["context","context/ctxhttp","html","html/atom","html/charset","http2","http2/hpack","idna","internal/timeseries","lex/httplex","proxy","trace"]
  revision = "66aacef3dd8a676686c7ae3716979581e8b03c47"

[[projects]]
  branch = "master"
  name = "golang.org/x/oauth2"
  packages = [".","google","internal","jws","jwt"]
  revision = "d89af98d7c6bba047c5a2622f36bc14b8766df85"

[[projects]]
  branch = "master"
  name = "golang.org/x/sys"
  packages = ["unix","windows"]
  revision = "9aade4d3a3b7e6d876cd3823ad20ec45fc035402"

[[projects]]
  branch = "master"
  name = "golang.org/x/text"
  packages = ["encoding","encoding/charmap","encoding/htmlindex","encoding/internal","encoding/internal/identifier","encoding/japanese","encoding/korean","encoding/simplifiedchinese","encoding/traditionalchinese","encoding/unicode","internal/gen","internal/tag","internal/triegen","internal/ucd","internal/utf8internal","language","runes","secure/bidirule","transform","unicode/bidi","unicode/cldr","unicode/norm","unicode/rangetable"]
  revision = "bd91bbf73e9a4a801adbfb97133c992678533126"

[[projects]]
  branch = "master"
  name = "google.golang.org/api"
  packages = ["compute/v0.beta","gensupport","googleapi","googleapi/internal/uritemplates"]
  revision = "38eaa396bab4275c0aedee767d0d674ef2b50994"

[[projects]]
  name = "google.golang.org/appengine"
  packages = [".","internal","internal/app_identity","internal/base","internal/datastore","internal/log","internal/modules","internal/remote_api","internal/urlfetch","urlfetch"]
  revision = "150dc57a1b433e64154302bdc40b6bb8aefa313a"
  version = "v1.0.0"

[[projects]]
  branch = "master"
  name = "google.golang.org/genproto"
  packages = ["googleapis/rpc/status"]
  revision = "595979c8a7bf586b2d293fb42246bf91a0b893d9"

[[projects]]
  name = "google.golang.org/grpc"
  packages = [".","codes","connectivity","credentials","grpclb/grpc_lb_v1/messages","grpclog","internal","keepalive","metadata","naming","peer","stats","status","tap","transport"]
  revision = "f92cdcd7dcdc69e81b2d7b338479a19a8723cfa3"
  version = "v1.6.0"

[[projects]]
  name = "gopkg.in/yaml.v2"
  packages = ["."]
  revision = "bc35f417f8a7664a73d46c9def2933417c03019f"
  source = "https://github.com/akutz/yaml.git"

[solve-meta]
  analyzer-name = "dep"
  analyzer-version = 1
  inputs-digest = "15204e7c9fe27089aa33f2f354dcc4d6b2cefe768e662d477fb67b8a7ab93bfd"
  solver-name = "gps-cdcl"
  solver-version = 1
